
Microsoft Visual Studio Solution File, Format Version 12.00
# Visual Studio 15
VisualStudioVersion = 15.0.28010.0
MinimumVisualStudioVersion = 10.0.40219.1
Project("{FAE04EC0-301F-11D3-BF4B-00C04F79EFBC}") = "GeometricLayouts", "GeometricLayouts\GeometricLayouts.csproj", "{35E54CB2-ECE3-4DF1-A6D9-C5D0D255FB1E}"
EndProject
Project("{FAE04EC0-301F-11D3-BF4B-00C04F79EFBC}") = "GeometricLayouts.Core", "GeometricLayouts.Core\GeometricLayouts.Core.csproj", "{0BBAB4BD-D8E3-4EAE-BCE9-3BA5BF97F9B3}"
EndProject
Project("{FAE04EC0-301F-11D3-BF4B-00C04F79EFBC}") = "GeometricLayouts.Tests", "GeometricLayouts.Tests\GeometricLayouts.Tests.csproj", "{4B046FF0-92D3-4783-B2B8-2439C82A52F6}"
EndProject
Global
	GlobalSection(SolutionConfigurationPlatforms) = preSolution
		Debug|Any CPU = Debug|Any CPU
		Release|Any CPU = Release|Any CPU
	EndGlobalSection
	GlobalSection(ProjectConfigurationPlatforms) = postSolution
		{35E54CB2-ECE3-4DF1-A6D9-C5D0D255FB1E}.Debug|Any CPU.ActiveCfg = Debug|Any CPU
		{35E54CB2-ECE3-4DF1-A6D9-C5D0D255FB1E}.Debug|Any CPU.Build.0 = Debug|Any CPU
		{35E54CB2-ECE3-4DF1-A6D9-C5D0D255FB1E}.Release|Any CPU.ActiveCfg = Release|Any CPU
		{35E54CB2-ECE3-4DF1-A6D9-C5D0D255FB1E}.Release|Any CPU.Build.0 = Release|Any CPU
		{0BBAB4BD-D8E3-4EAE-BCE9-3BA5BF97F9B3}.Debug|Any CPU.ActiveCfg = Debug|Any CPU
		{0BBAB4BD-D8E3-4EAE-BCE9-3BA5BF97F9B3}.Debug|Any CPU.Build.0 = Debug|Any CPU
		{0BBAB4BD-D8E3-4EAE-BCE9-3BA5BF97F9B3}.Release|Any CPU.ActiveCfg = Release|Any CPU
		{0BBAB4BD-D8E3-4EAE-BCE9-3BA5BF97F9B3}.Release|Any CPU.Build.0 = Release|Any CPU
		{4B046FF0-92D3-4783-B2B8-2439C82A52F6}.Debug|Any CPU.ActiveCfg = Debug|Any CPU
		{4B046FF0-92D3-4783-B2B8-2439C82A52F6}.Debug|Any CPU.Build.0 = Debug|Any CPU
		{4B046FF0-92D3-4783-B2B8-2439C82A52F6}.Release|Any CPU.ActiveCfg = Release|Any CPU
		{4B046FF0-92D3-4783-B2B8-2439C82A52F6}.Release|Any CPU.Build.0 = Release|Any CPU
	EndGlobalSection
	GlobalSection(SolutionProperties) = preSolution
		HideSolutionNode = FALSE
	EndGlobalSection
	GlobalSection(ExtensibilityGlobals) = postSolution
		SolutionGuid = {F1175B18-74CD-49DB-A76E-CE04D189B26D}
	EndGlobalSection
EndGlobal
